
Microsoft Visual Studio Solution File, Format Version 12.00
# Visual Studio Version 17
VisualStudioVersion = 17.13.35919.96 d17.13
MinimumVisualStudioVersion = 10.0.40219.1
Project("{FAE04EC0-301F-11D3-BF4B-00C04F79EFBC}") = "DressCode", "DressCode\DressCode.csproj", "{3357264B-0B83-4A9B-9E8E-4A6920FF30C5}"
EndProject
Global
	GlobalSection(SolutionConfigurationPlatforms) = preSolution
		Debug|Any CPU = Debug|Any CPU
		Release|Any CPU = Release|Any CPU
	EndGlobalSection
	GlobalSection(ProjectConfigurationPlatforms) = postSolution
		{3357264B-0B83-4A9B-9E8E-4A6920FF30C5}.Debug|Any CPU.ActiveCfg = Debug|Any CPU
		{3357264B-0B83-4A9B-9E8E-4A6920FF30C5}.Debug|Any CPU.Build.0 = Debug|Any CPU
		{3357264B-0B83-4A9B-9E8E-4A6920FF30C5}.Release|Any CPU.ActiveCfg = Release|Any CPU
		{3357264B-0B83-4A9B-9E8E-4A6920FF30C5}.Release|Any CPU.Build.0 = Release|Any CPU
	EndGlobalSection
	GlobalSection(SolutionProperties) = preSolution
		HideSolutionNode = FALSE
	EndGlobalSection
	GlobalSection(ExtensibilityGlobals) = postSolution
		SolutionGuid = {1F6D57C0-B0B2-43D6-902C-7B3F631567C2}
	EndGlobalSection
EndGlobal
